
Microsoft Visual Studio Solution File, Format Version 12.00
# Visual Studio Version 17
VisualStudioVersion = 17.11.35303.130
MinimumVisualStudioVersion = 10.0.40219.1
Project("{FAE04EC0-301F-11D3-BF4B-00C04F79EFBC}") = "WpfGitTeszt", "WpfGitTeszt\WpfGitTeszt.csproj", "{E418F0D7-8AF5-4DB8-A5FF-14348E80A380}"
EndProject
Global
	GlobalSection(SolutionConfigurationPlatforms) = preSolution
		Debug|Any CPU = Debug|Any CPU
		Release|Any CPU = Release|Any CPU
	EndGlobalSection
	GlobalSection(ProjectConfigurationPlatforms) = postSolution
		{E418F0D7-8AF5-4DB8-A5FF-14348E80A380}.Debug|Any CPU.ActiveCfg = Debug|Any CPU
		{E418F0D7-8AF5-4DB8-A5FF-14348E80A380}.Debug|Any CPU.Build.0 = Debug|Any CPU
		{E418F0D7-8AF5-4DB8-A5FF-14348E80A380}.Release|Any CPU.ActiveCfg = Release|Any CPU
		{E418F0D7-8AF5-4DB8-A5FF-14348E80A380}.Release|Any CPU.Build.0 = Release|Any CPU
	EndGlobalSection
	GlobalSection(SolutionProperties) = preSolution
		HideSolutionNode = FALSE
	EndGlobalSection
	GlobalSection(ExtensibilityGlobals) = postSolution
		SolutionGuid = {4E0097A5-ED97-439E-9C6A-C733F83E9A3E}
	EndGlobalSection
EndGlobal
